// !$*UTF8*$!
{
	archiveVersion = 1;
	classes = {
	};
	objectVersion = 46;
	objects = {

/* Begin PBXBuildFile section */
		4F1FC8401407441500C343D9 /* UIKit.framework in Frameworks */ = {isa = PBXBuildFile; fileRef = 4F1FC83F1407441500C343D9 /* UIKit.framework */; };
		4F1FC8421407441500C343D9 /* Foundation.framework in Frameworks */ = {isa = PBXBuildFile; fileRef = 4F1FC8411407441500C343D9 /* Foundation.framework */; };
		4F1FC8441407441500C343D9 /* CoreGraphics.framework in Frameworks */ = {isa = PBXBuildFile; fileRef = 4F1FC8431407441500C343D9 /* CoreGraphics.framework */; };
		4F1FC84A1407441500C343D9 /* InfoPlist.strings in Resources */ = {isa = PBXBuildFile; fileRef = 4F1FC8481407441500C343D9 /* InfoPlist.strings */; };
		4F1FC84C1407441500C343D9 /* main.m in Sources */ = {isa = PBXBuildFile; fileRef = 4F1FC84B1407441500C343D9 /* main.m */; };
		4F1FC8501407441600C343D9 /* PSTTreeGraphAppDelegate.m in Sources */ = {isa = PBXBuildFile; fileRef = 4F1FC84F1407441600C343D9 /* PSTTreeGraphAppDelegate.m */; };
		4F1FC8531407441600C343D9 /* MainWindow.xib in Resources */ = {isa = PBXBuildFile; fileRef = 4F1FC8511407441600C343D9 /* MainWindow.xib */; };
		4F1FC8561407441600C343D9 /* PSTTreeGraphViewController.m in Sources */ = {isa = PBXBuildFile; fileRef = 4F1FC8551407441600C343D9 /* PSTTreeGraphViewController.m */; };
		4F1FC8591407441600C343D9 /* PSTTreeGraphViewController.xib in Resources */ = {isa = PBXBuildFile; fileRef = 4F1FC8571407441600C343D9 /* PSTTreeGraphViewController.xib */; };
		4F1FC8621407441600C343D9 /* UIKit.framework in Frameworks */ = {isa = PBXBuildFile; fileRef = 4F1FC83F1407441500C343D9 /* UIKit.framework */; };
		4F1FC8631407441600C343D9 /* Foundation.framework in Frameworks */ = {isa = PBXBuildFile; fileRef = 4F1FC8411407441500C343D9 /* Foundation.framework */; };
		4F1FC8641407441600C343D9 /* CoreGraphics.framework in Frameworks */ = {isa = PBXBuildFile; fileRef = 4F1FC8431407441500C343D9 /* CoreGraphics.framework */; };
		4F1FC86C1407441600C343D9 /* InfoPlist.strings in Resources */ = {isa = PBXBuildFile; fileRef = 4F1FC86A1407441600C343D9 /* InfoPlist.strings */; };
		4F1FC89714074E3300C343D9 /* PSBaseBranchView.m in Sources */ = {isa = PBXBuildFile; fileRef = 4F1FC88E14074E3300C343D9 /* PSBaseBranchView.m */; };
		4F1FC89814074E3300C343D9 /* PSBaseLeafView.m in Sources */ = {isa = PBXBuildFile; fileRef = 4F1FC89014074E3300C343D9 /* PSBaseLeafView.m */; };
		4F1FC89914074E3300C343D9 /* PSBaseSubtreeView.m in Sources */ = {isa = PBXBuildFile; fileRef = 4F1FC89214074E3300C343D9 /* PSBaseSubtreeView.m */; };
		4F1FC89A14074E3300C343D9 /* PSBaseTreeGraphView.m in Sources */ = {isa = PBXBuildFile; fileRef = 4F1FC89414074E3300C343D9 /* PSBaseTreeGraphView.m */; };
		4F1FC8B3140755CD00C343D9 /* BranchTests.m in Sources */ = {isa = PBXBuildFile; fileRef = 4F1FC8AC140755CD00C343D9 /* BranchTests.m */; };
		4F1FC8B4140755CD00C343D9 /* GraphTests.m in Sources */ = {isa = PBXBuildFile; fileRef = 4F1FC8AE140755CD00C343D9 /* GraphTests.m */; };
		4F1FC8B5140755CD00C343D9 /* LeafTests.m in Sources */ = {isa = PBXBuildFile; fileRef = 4F1FC8B0140755CD00C343D9 /* LeafTests.m */; };
		4F1FC8B6140755CD00C343D9 /* SubTreeTests.m in Sources */ = {isa = PBXBuildFile; fileRef = 4F1FC8B2140755CD00C343D9 /* SubTreeTests.m */; };
/* End PBXBuildFile section */

/* Begin PBXContainerItemProxy section */
		4F1FC8651407441600C343D9 /* PBXContainerItemProxy */ = {
			isa = PBXContainerItemProxy;
			containerPortal = 4F1FC8321407441500C343D9 /* Project object */;
			proxyType = 1;
			remoteGlobalIDString = 4F1FC83A1407441500C343D9;
			remoteInfo = PSTTreeGraph;
		};
/* End PBXContainerItemProxy section */

/* Begin PBXFileReference section */
		4F1FC83B1407441500C343D9 /* PSTTreeGraph.app */ = {isa = PBXFileReference; explicitFileType = wrapper.application; includeInIndex = 0; path = PSTTreeGraph.app; sourceTree = BUILT_PRODUCTS_DIR; };
		4F1FC83F1407441500C343D9 /* UIKit.framework */ = {isa = PBXFileReference; lastKnownFileType = wrapper.framework; name = UIKit.framework; path = System/Library/Frameworks/UIKit.framework; sourceTree = SDKROOT; };
		4F1FC8411407441500C343D9 /* Foundation.framework */ = {isa = PBXFileReference; lastKnownFileType = wrapper.framework; name = Foundation.framework; path = System/Library/Frameworks/Foundation.framework; sourceTree = SDKROOT; };
		4F1FC8431407441500C343D9 /* CoreGraphics.framework */ = {isa = PBXFileReference; lastKnownFileType = wrapper.framework; name = CoreGraphics.framework; path = System/Library/Frameworks/CoreGraphics.framework; sourceTree = SDKROOT; };
		4F1FC8471407441500C343D9 /* PSTTreeGraph-Info.plist */ = {isa = PBXFileReference; lastKnownFileType = text.plist.xml; path = "PSTTreeGraph-Info.plist"; sourceTree = "<group>"; };
		4F1FC8491407441500C343D9 /* en */ = {isa = PBXFileReference; lastKnownFileType = text.plist.strings; name = en; path = en.lproj/InfoPlist.strings; sourceTree = "<group>"; };
		4F1FC84B1407441500C343D9 /* main.m */ = {isa = PBXFileReference; lastKnownFileType = sourcecode.c.objc; path = main.m; sourceTree = "<group>"; };
		4F1FC84D1407441600C343D9 /* PSTTreeGraph-Prefix.pch */ = {isa = PBXFileReference; lastKnownFileType = sourcecode.c.h; path = "PSTTreeGraph-Prefix.pch"; sourceTree = "<group>"; };
		4F1FC84E1407441600C343D9 /* PSTTreeGraphAppDelegate.h */ = {isa = PBXFileReference; lastKnownFileType = sourcecode.c.h; path = PSTTreeGraphAppDelegate.h; sourceTree = "<group>"; };
		4F1FC84F1407441600C343D9 /* PSTTreeGraphAppDelegate.m */ = {isa = PBXFileReference; lastKnownFileType = sourcecode.c.objc; path = PSTTreeGraphAppDelegate.m; sourceTree = "<group>"; };
		4F1FC8521407441600C343D9 /* en */ = {isa = PBXFileReference; lastKnownFileType = file.xib; name = en; path = en.lproj/MainWindow.xib; sourceTree = "<group>"; };
		4F1FC8541407441600C343D9 /* PSTTreeGraphViewController.h */ = {isa = PBXFileReference; lastKnownFileType = sourcecode.c.h; path = PSTTreeGraphViewController.h; sourceTree = "<group>"; };
		4F1FC8551407441600C343D9 /* PSTTreeGraphViewController.m */ = {isa = PBXFileReference; lastKnownFileType = sourcecode.c.objc; path = PSTTreeGraphViewController.m; sourceTree = "<group>"; };
		4F1FC8581407441600C343D9 /* en */ = {isa = PBXFileReference; lastKnownFileType = file.xib; name = en; path = en.lproj/PSTTreeGraphViewController.xib; sourceTree = "<group>"; };
		4F1FC85F1407441600C343D9 /* PSTTreeGraphTests.xctest */ = {isa = PBXFileReference; explicitFileType = wrapper.cfbundle; includeInIndex = 0; path = PSTTreeGraphTests.xctest; sourceTree = BUILT_PRODUCTS_DIR; };
		4F1FC8691407441600C343D9 /* PSTTreeGraphTests-Info.plist */ = {isa = PBXFileReference; lastKnownFileType = text.plist.xml; path = "PSTTreeGraphTests-Info.plist"; sourceTree = "<group>"; };
		4F1FC86B1407441600C343D9 /* en */ = {isa = PBXFileReference; lastKnownFileType = text.plist.strings; name = en; path = en.lproj/InfoPlist.strings; sourceTree = "<group>"; };
		4F1FC88D14074E3300C343D9 /* PSBaseBranchView.h */ = {isa = PBXFileReference; fileEncoding = 4; lastKnownFileType = sourcecode.c.h; path = PSBaseBranchView.h; sourceTree = "<group>"; };
		4F1FC88E14074E3300C343D9 /* PSBaseBranchView.m */ = {isa = PBXFileReference; fileEncoding = 4; lastKnownFileType = sourcecode.c.objc; path = PSBaseBranchView.m; sourceTree = "<group>"; };
		4F1FC88F14074E3300C343D9 /* PSBaseLeafView.h */ = {isa = PBXFileReference; fileEncoding = 4; lastKnownFileType = sourcecode.c.h; path = PSBaseLeafView.h; sourceTree = "<group>"; };
		4F1FC89014074E3300C343D9 /* PSBaseLeafView.m */ = {isa = PBXFileReference; fileEncoding = 4; lastKnownFileType = sourcecode.c.objc; path = PSBaseLeafView.m; sourceTree = "<group>"; };
		4F1FC89114074E3300C343D9 /* PSBaseSubtreeView.h */ = {isa = PBXFileReference; fileEncoding = 4; lastKnownFileType = sourcecode.c.h; path = PSBaseSubtreeView.h; sourceTree = "<group>"; };
		4F1FC89214074E3300C343D9 /* PSBaseSubtreeView.m */ = {isa = PBXFileReference; fileEncoding = 4; lastKnownFileType = sourcecode.c.objc; path = PSBaseSubtreeView.m; sourceTree = "<group>"; };
		4F1FC89314074E3300C343D9 /* PSBaseTreeGraphView.h */ = {isa = PBXFileReference; fileEncoding = 4; lastKnownFileType = sourcecode.c.h; path = PSBaseTreeGraphView.h; sourceTree = "<group>"; };
		4F1FC89414074E3300C343D9 /* PSBaseTreeGraphView.m */ = {isa = PBXFileReference; fileEncoding = 4; lastKnownFileType = sourcecode.c.objc; path = PSBaseTreeGraphView.m; sourceTree = "<group>"; };
		4F1FC89514074E3300C343D9 /* PSBaseTreeGraphView_Internal.h */ = {isa = PBXFileReference; fileEncoding = 4; lastKnownFileType = sourcecode.c.h; path = PSBaseTreeGraphView_Internal.h; sourceTree = "<group>"; };
		4F1FC89614074E3300C343D9 /* PSTreeGraphModelNode.h */ = {isa = PBXFileReference; fileEncoding = 4; lastKnownFileType = sourcecode.c.h; path = PSTreeGraphModelNode.h; sourceTree = "<group>"; };
		4F1FC8AB140755CD00C343D9 /* BranchTests.h */ = {isa = PBXFileReference; fileEncoding = 4; lastKnownFileType = sourcecode.c.h; path = BranchTests.h; sourceTree = "<group>"; };
		4F1FC8AC140755CD00C343D9 /* BranchTests.m */ = {isa = PBXFileReference; fileEncoding = 4; lastKnownFileType = sourcecode.c.objc; path = BranchTests.m; sourceTree = "<group>"; };
		4F1FC8AD140755CD00C343D9 /* GraphTests.h */ = {isa = PBXFileReference; fileEncoding = 4; lastKnownFileType = sourcecode.c.h; path = GraphTests.h; sourceTree = "<group>"; };
		4F1FC8AE140755CD00C343D9 /* GraphTests.m */ = {isa = PBXFileReference; fileEncoding = 4; lastKnownFileType = sourcecode.c.objc; path = GraphTests.m; sourceTree = "<group>"; };
		4F1FC8AF140755CD00C343D9 /* LeafTests.h */ = {isa = PBXFileReference; fileEncoding = 4; lastKnownFileType = sourcecode.c.h; path = LeafTests.h; sourceTree = "<group>"; };
		4F1FC8B0140755CD00C343D9 /* LeafTests.m */ = {isa = PBXFileReference; fileEncoding = 4; lastKnownFileType = sourcecode.c.objc; path = LeafTests.m; sourceTree = "<group>"; };
		4F1FC8B1140755CD00C343D9 /* SubTreeTests.h */ = {isa = PBXFileReference; fileEncoding = 4; lastKnownFileType = sourcecode.c.h; path = SubTreeTests.h; sourceTree = "<group>"; };
		4F1FC8B2140755CD00C343D9 /* SubTreeTests.m */ = {isa = PBXFileReference; fileEncoding = 4; lastKnownFileType = sourcecode.c.objc; path = SubTreeTests.m; sourceTree = "<group>"; };
/* End PBXFileReference section */

/* Begin PBXFrameworksBuildPhase section */
		4F1FC8381407441500C343D9 /* Frameworks */ = {
			isa = PBXFrameworksBuildPhase;
			buildActionMask = 2147483647;
			files = (
				4F1FC8401407441500C343D9 /* UIKit.framework in Frameworks */,
				4F1FC8421407441500C343D9 /* Foundation.framework in Frameworks */,
				4F1FC8441407441500C343D9 /* CoreGraphics.framework in Frameworks */,
			);
			runOnlyForDeploymentPostprocessing = 0;
		};
		4F1FC85B1407441600C343D9 /* Frameworks */ = {
			isa = PBXFrameworksBuildPhase;
			buildActionMask = 2147483647;
			files = (
				4F1FC8621407441600C343D9 /* UIKit.framework in Frameworks */,
				4F1FC8631407441600C343D9 /* Foundation.framework in Frameworks */,
				4F1FC8641407441600C343D9 /* CoreGraphics.framework in Frameworks */,
			);
			runOnlyForDeploymentPostprocessing = 0;
		};
/* End PBXFrameworksBuildPhase section */

/* Begin PBXGroup section */
		4F1FC8301407441500C343D9 = {
			isa = PBXGroup;
			children = (
				4F1FC8451407441500C343D9 /* PSTTreeGraph */,
				4F1FC8671407441600C343D9 /* PSTTreeGraphTests */,
				4F1FC83E1407441500C343D9 /* Frameworks */,
				4F1FC83C1407441500C343D9 /* Products */,
			);
			sourceTree = "<group>";
		};
		4F1FC83C1407441500C343D9 /* Products */ = {
			isa = PBXGroup;
			children = (
				4F1FC83B1407441500C343D9 /* PSTTreeGraph.app */,
				4F1FC85F1407441600C343D9 /* PSTTreeGraphTests.xctest */,
			);
			name = Products;
			sourceTree = "<group>";
		};
		4F1FC83E1407441500C343D9 /* Frameworks */ = {
			isa = PBXGroup;
			children = (
				4F1FC83F1407441500C343D9 /* UIKit.framework */,
				4F1FC8411407441500C343D9 /* Foundation.framework */,
				4F1FC8431407441500C343D9 /* CoreGraphics.framework */,
			);
			name = Frameworks;
			sourceTree = "<group>";
		};
		4F1FC8451407441500C343D9 /* PSTTreeGraph */ = {
			isa = PBXGroup;
			children = (
				4F1FC88814074D6F00C343D9 /* Controller */,
				4F1FC88A14074D7800C343D9 /* View */,
				4F1FC88B14074D8100C343D9 /* Model */,
				4F1FC8461407441500C343D9 /* Supporting Files */,
			);
			path = PSTTreeGraph;
			sourceTree = "<group>";
		};
		4F1FC8461407441500C343D9 /* Supporting Files */ = {
			isa = PBXGroup;
			children = (
				4F1FC8A4140751EF00C343D9 /* Interface */,
				4F1FC8471407441500C343D9 /* PSTTreeGraph-Info.plist */,
				4F1FC8481407441500C343D9 /* InfoPlist.strings */,
				4F1FC84B1407441500C343D9 /* main.m */,
				4F1FC84D1407441600C343D9 /* PSTTreeGraph-Prefix.pch */,
			);
			name = "Supporting Files";
			sourceTree = "<group>";
		};
		4F1FC8671407441600C343D9 /* PSTTreeGraphTests */ = {
			isa = PBXGroup;
			children = (
				4F1FC8AD140755CD00C343D9 /* GraphTests.h */,
				4F1FC8AE140755CD00C343D9 /* GraphTests.m */,
				4F1FC8B1140755CD00C343D9 /* SubTreeTests.h */,
				4F1FC8B2140755CD00C343D9 /* SubTreeTests.m */,
				4F1FC8AB140755CD00C343D9 /* BranchTests.h */,
				4F1FC8AC140755CD00C343D9 /* BranchTests.m */,
				4F1FC8AF140755CD00C343D9 /* LeafTests.h */,
				4F1FC8B0140755CD00C343D9 /* LeafTests.m */,
				4F1FC8681407441600C343D9 /* Supporting Files */,
			);
			path = PSTTreeGraphTests;
			sourceTree = "<group>";
		};
		4F1FC8681407441600C343D9 /* Supporting Files */ = {
			isa = PBXGroup;
			children = (
				4F1FC8691407441600C343D9 /* PSTTreeGraphTests-Info.plist */,
				4F1FC86A1407441600C343D9 /* InfoPlist.strings */,
			);
			name = "Supporting Files";
			sourceTree = "<group>";
		};
		4F1FC88814074D6F00C343D9 /* Controller */ = {
			isa = PBXGroup;
			children = (
				4F1FC84E1407441600C343D9 /* PSTTreeGraphAppDelegate.h */,
				4F1FC84F1407441600C343D9 /* PSTTreeGraphAppDelegate.m */,
				4F1FC8541407441600C343D9 /* PSTTreeGraphViewController.h */,
				4F1FC8551407441600C343D9 /* PSTTreeGraphViewController.m */,
			);
			name = Controller;
			sourceTree = "<group>";
		};
		4F1FC88A14074D7800C343D9 /* View */ = {
			isa = PBXGroup;
			children = (
				4F1FC88C14074E3300C343D9 /* PSTreeGraphView */,
			);
			name = View;
			sourceTree = "<group>";
		};
		4F1FC88B14074D8100C343D9 /* Model */ = {
			isa = PBXGroup;
			children = (
			);
			name = Model;
			sourceTree = "<group>";
		};
		4F1FC88C14074E3300C343D9 /* PSTreeGraphView */ = {
			isa = PBXGroup;
			children = (
				4F1FC88D14074E3300C343D9 /* PSBaseBranchView.h */,
				4F1FC88E14074E3300C343D9 /* PSBaseBranchView.m */,
				4F1FC88F14074E3300C343D9 /* PSBaseLeafView.h */,
				4F1FC89014074E3300C343D9 /* PSBaseLeafView.m */,
				4F1FC89114074E3300C343D9 /* PSBaseSubtreeView.h */,
				4F1FC89214074E3300C343D9 /* PSBaseSubtreeView.m */,
				4F1FC89314074E3300C343D9 /* PSBaseTreeGraphView.h */,
				4F1FC89414074E3300C343D9 /* PSBaseTreeGraphView.m */,
				4F1FC89514074E3300C343D9 /* PSBaseTreeGraphView_Internal.h */,
				4F1FC89614074E3300C343D9 /* PSTreeGraphModelNode.h */,
			);
			name = PSTreeGraphView;
			path = ../../PSTreeGraphView;
			sourceTree = "<group>";
		};
		4F1FC8A4140751EF00C343D9 /* Interface */ = {
			isa = PBXGroup;
			children = (
				4F1FC8571407441600C343D9 /* PSTTreeGraphViewController.xib */,
				4F1FC8511407441600C343D9 /* MainWindow.xib */,
			);
			name = Interface;
			sourceTree = "<group>";
		};
/* End PBXGroup section */

/* Begin PBXNativeTarget section */
		4F1FC83A1407441500C343D9 /* PSTTreeGraph */ = {
			isa = PBXNativeTarget;
			buildConfigurationList = 4F1FC8731407441600C343D9 /* Build configuration list for PBXNativeTarget "PSTTreeGraph" */;
			buildPhases = (
				4F1FC8371407441500C343D9 /* Sources */,
				4F1FC8381407441500C343D9 /* Frameworks */,
				4F1FC8391407441500C343D9 /* Resources */,
			);
			buildRules = (
			);
			dependencies = (
			);
			name = PSTTreeGraph;
			productName = PSTTreeGraph;
			productReference = 4F1FC83B1407441500C343D9 /* PSTTreeGraph.app */;
			productType = "com.apple.product-type.application";
		};
		4F1FC85E1407441600C343D9 /* PSTTreeGraphTests */ = {
			isa = PBXNativeTarget;
			buildConfigurationList = 4F1FC8761407441600C343D9 /* Build configuration list for PBXNativeTarget "PSTTreeGraphTests" */;
			buildPhases = (
				4F1FC85A1407441600C343D9 /* Sources */,
				4F1FC85B1407441600C343D9 /* Frameworks */,
				4F1FC85C1407441600C343D9 /* Resources */,
				4F1FC85D1407441600C343D9 /* ShellScript */,
			);
			buildRules = (
			);
			dependencies = (
				4F1FC8661407441600C343D9 /* PBXTargetDependency */,
			);
			name = PSTTreeGraphTests;
			productName = PSTTreeGraphTests;
			productReference = 4F1FC85F1407441600C343D9 /* PSTTreeGraphTests.xctest */;
			productType = "com.apple.product-type.bundle.unit-test";
		};
/* End PBXNativeTarget section */

/* Begin PBXProject section */
		4F1FC8321407441500C343D9 /* Project object */ = {
			isa = PBXProject;
			attributes = {
				LastUpgradeCheck = 0500;
				ORGANIZATIONNAME = "Preston Software";
			};
			buildConfigurationList = 4F1FC8351407441500C343D9 /* Build configuration list for PBXProject "PSTTreeGraph" */;
			compatibilityVersion = "Xcode 3.2";
			developmentRegion = English;
			hasScannedForEncodings = 0;
			knownRegions = (
				en,
			);
			mainGroup = 4F1FC8301407441500C343D9;
			productRefGroup = 4F1FC83C1407441500C343D9 /* Products */;
			projectDirPath = "";
			projectRoot = "";
			targets = (
				4F1FC83A1407441500C343D9 /* PSTTreeGraph */,
				4F1FC85E1407441600C343D9 /* PSTTreeGraphTests */,
			);
		};
/* End PBXProject section */

/* Begin PBXResourcesBuildPhase section */
		4F1FC8391407441500C343D9 /* Resources */ = {
			isa = PBXResourcesBuildPhase;
			buildActionMask = 2147483647;
			files = (
				4F1FC84A1407441500C343D9 /* InfoPlist.strings in Resources */,
				4F1FC8531407441600C343D9 /* MainWindow.xib in Resources */,
				4F1FC8591407441600C343D9 /* PSTTreeGraphViewController.xib in Resources */,
			);
			runOnlyForDeploymentPostprocessing = 0;
		};
		4F1FC85C1407441600C343D9 /* Resources */ = {
			isa = PBXResourcesBuildPhase;
			buildActionMask = 2147483647;
			files = (
				4F1FC86C1407441600C343D9 /* InfoPlist.strings in Resources */,
			);
			runOnlyForDeploymentPostprocessing = 0;
		};
/* End PBXResourcesBuildPhase section */

/* Begin PBXShellScriptBuildPhase section */
		4F1FC85D1407441600C343D9 /* ShellScript */ = {
			isa = PBXShellScriptBuildPhase;
			buildActionMask = 2147483647;
			files = (
			);
			inputPaths = (
			);
			outputPaths = (
			);
			runOnlyForDeploymentPostprocessing = 0;
			shellPath = /bin/sh;
			shellScript = "# Run the unit tests in this test bundle.\n\"${SYSTEM_DEVELOPER_DIR}/Tools/RunUnitTests\"\n";
		};
/* End PBXShellScriptBuildPhase section */

/* Begin PBXSourcesBuildPhase section */
		4F1FC8371407441500C343D9 /* Sources */ = {
			isa = PBXSourcesBuildPhase;
			buildActionMask = 2147483647;
			files = (
				4F1FC84C1407441500C343D9 /* main.m in Sources */,
				4F1FC8501407441600C343D9 /* PSTTreeGraphAppDelegate.m in Sources */,
				4F1FC8561407441600C343D9 /* PSTTreeGraphViewController.m in Sources */,
				4F1FC89714074E3300C343D9 /* PSBaseBranchView.m in Sources */,
				4F1FC89814074E3300C343D9 /* PSBaseLeafView.m in Sources */,
				4F1FC89914074E3300C343D9 /* PSBaseSubtreeView.m in Sources */,
				4F1FC89A14074E3300C343D9 /* PSBaseTreeGraphView.m in Sources */,
			);
			runOnlyForDeploymentPostprocessing = 0;
		};
		4F1FC85A1407441600C343D9 /* Sources */ = {
			isa = PBXSourcesBuildPhase;
			buildActionMask = 2147483647;
			files = (
				4F1FC8B3140755CD00C343D9 /* BranchTests.m in Sources */,
				4F1FC8B4140755CD00C343D9 /* GraphTests.m in Sources */,
				4F1FC8B5140755CD00C343D9 /* LeafTests.m in Sources */,
				4F1FC8B6140755CD00C343D9 /* SubTreeTests.m in Sources */,
			);
			runOnlyForDeploymentPostprocessing = 0;
		};
/* End PBXSourcesBuildPhase section */

/* Begin PBXTargetDependency section */
		4F1FC8661407441600C343D9 /* PBXTargetDependency */ = {
			isa = PBXTargetDependency;
			target = 4F1FC83A1407441500C343D9 /* PSTTreeGraph */;
			targetProxy = 4F1FC8651407441600C343D9 /* PBXContainerItemProxy */;
		};
/* End PBXTargetDependency section */

/* Begin PBXVariantGroup section */
		4F1FC8481407441500C343D9 /* InfoPlist.strings */ = {
			isa = PBXVariantGroup;
			children = (
				4F1FC8491407441500C343D9 /* en */,
			);
			name = InfoPlist.strings;
			sourceTree = "<group>";
		};
		4F1FC8511407441600C343D9 /* MainWindow.xib */ = {
			isa = PBXVariantGroup;
			children = (
				4F1FC8521407441600C343D9 /* en */,
			);
			name = MainWindow.xib;
			sourceTree = "<group>";
		};
		4F1FC8571407441600C343D9 /* PSTTreeGraphViewController.xib */ = {
			isa = PBXVariantGroup;
			children = (
				4F1FC8581407441600C343D9 /* en */,
			);
			name = PSTTreeGraphViewController.xib;
			sourceTree = "<group>";
		};
		4F1FC86A1407441600C343D9 /* InfoPlist.strings */ = {
			isa = PBXVariantGroup;
			children = (
				4F1FC86B1407441600C343D9 /* en */,
			);
			name = InfoPlist.strings;
			sourceTree = "<group>";
		};
/* End PBXVariantGroup section */

/* Begin XCBuildConfiguration section */
		4F1FC8711407441600C343D9 /* Debug */ = {
			isa = XCBuildConfiguration;
			buildSettings = {
				ALWAYS_SEARCH_USER_PATHS = NO;
				CLANG_WARN_BOOL_CONVERSION = YES;
				CLANG_WARN_CONSTANT_CONVERSION = YES;
				CLANG_WARN_EMPTY_BODY = YES;
				CLANG_WARN_ENUM_CONVERSION = YES;
				CLANG_WARN_INT_CONVERSION = YES;
				CLANG_WARN__DUPLICATE_METHOD_MATCH = YES;
				"CODE_SIGN_IDENTITY[sdk=iphoneos*]" = "iPhone Developer";
				COPY_PHASE_STRIP = NO;
				GCC_C_LANGUAGE_STANDARD = gnu99;
				GCC_DYNAMIC_NO_PIC = NO;
				GCC_OPTIMIZATION_LEVEL = 0;
				GCC_PREPROCESSOR_DEFINITIONS = (
					"DEBUG=1",
					"$(inherited)",
				);
				GCC_SYMBOLS_PRIVATE_EXTERN = NO;
				GCC_VERSION = com.apple.compilers.llvm.clang.1_0;
				GCC_WARN_64_TO_32_BIT_CONVERSION = YES;
				GCC_WARN_ABOUT_MISSING_PROTOTYPES = YES;
				GCC_WARN_ABOUT_RETURN_TYPE = YES;
				GCC_WARN_UNDECLARED_SELECTOR = YES;
				GCC_WARN_UNINITIALIZED_AUTOS = YES;
				GCC_WARN_UNUSED_FUNCTION = YES;
				GCC_WARN_UNUSED_VARIABLE = YES;
				IPHONEOS_DEPLOYMENT_TARGET = 6.0;
				ONLY_ACTIVE_ARCH = YES;
				SDKROOT = iphoneos;
				TARGETED_DEVICE_FAMILY = 2;
			};
			name = Debug;
		};
		4F1FC8721407441600C343D9 /* Release */ = {
			isa = XCBuildConfiguration;
			buildSettings = {
				ALWAYS_SEARCH_USER_PATHS = NO;
				CLANG_WARN_BOOL_CONVERSION = YES;
				CLANG_WARN_CONSTANT_CONVERSION = YES;
				CLANG_WARN_EMPTY_BODY = YES;
				CLANG_WARN_ENUM_CONVERSION = YES;
				CLANG_WARN_INT_CONVERSION = YES;
				CLANG_WARN__DUPLICATE_METHOD_MATCH = YES;
				"CODE_SIGN_IDENTITY[sdk=iphoneos*]" = "iPhone Developer";
				COPY_PHASE_STRIP = YES;
				GCC_C_LANGUAGE_STANDARD = gnu99;
				GCC_VERSION = com.apple.compilers.llvm.clang.1_0;
				GCC_WARN_64_TO_32_BIT_CONVERSION = YES;
				GCC_WARN_ABOUT_MISSING_PROTOTYPES = YES;
				GCC_WARN_ABOUT_RETURN_TYPE = YES;
				GCC_WARN_UNDECLARED_SELECTOR = YES;
				GCC_WARN_UNINITIALIZED_AUTOS = YES;
				GCC_WARN_UNUSED_FUNCTION = YES;
				GCC_WARN_UNUSED_VARIABLE = YES;
				IPHONEOS_DEPLOYMENT_TARGET = 6.0;
				OTHER_CFLAGS = "-DNS_BLOCK_ASSERTIONS=1";
				SDKROOT = iphoneos;
				TARGETED_DEVICE_FAMILY = 2;
				VALIDATE_PRODUCT = YES;
			};
			name = Release;
		};
		4F1FC8741407441600C343D9 /* Debug */ = {
			isa = XCBuildConfiguration;
			buildSettings = {
				GCC_PRECOMPILE_PREFIX_HEADER = YES;
				GCC_PREFIX_HEADER = "PSTTreeGraph/PSTTreeGraph-Prefix.pch";
				INFOPLIST_FILE = "PSTTreeGraph/PSTTreeGraph-Info.plist";
				PRODUCT_NAME = "$(TARGET_NAME)";
				WRAPPER_EXTENSION = app;
			};
			name = Debug;
		};
		4F1FC8751407441600C343D9 /* Release */ = {
			isa = XCBuildConfiguration;
			buildSettings = {
				GCC_PRECOMPILE_PREFIX_HEADER = YES;
				GCC_PREFIX_HEADER = "PSTTreeGraph/PSTTreeGraph-Prefix.pch";
				INFOPLIST_FILE = "PSTTreeGraph/PSTTreeGraph-Info.plist";
				PRODUCT_NAME = "$(TARGET_NAME)";
				WRAPPER_EXTENSION = app;
			};
			name = Release;
		};
		4F1FC8771407441600C343D9 /* Debug */ = {
			isa = XCBuildConfiguration;
			buildSettings = {
				BUNDLE_LOADER = "$(BUILT_PRODUCTS_DIR)/PSTTreeGraph.app/PSTTreeGraph";
				FRAMEWORK_SEARCH_PATHS = (
					"$(SDKROOT)/Developer/Library/Frameworks",
					"$(inherited)",
				);
				GCC_PRECOMPILE_PREFIX_HEADER = YES;
				GCC_PREFIX_HEADER = "PSTTreeGraph/PSTTreeGraph-Prefix.pch";
				INFOPLIST_FILE = "PSTTreeGraphTests/PSTTreeGraphTests-Info.plist";
				PRODUCT_NAME = "$(TARGET_NAME)";
				TEST_HOST = "$(BUNDLE_LOADER)";
			};
			name = Debug;
		};
		4F1FC8781407441600C343D9 /* Release */ = {
			isa = XCBuildConfiguration;
			buildSettings = {
				BUNDLE_LOADER = "$(BUILT_PRODUCTS_DIR)/PSTTreeGraph.app/PSTTreeGraph";
				FRAMEWORK_SEARCH_PATHS = (
					"$(SDKROOT)/Developer/Library/Frameworks",
					"$(inherited)",
				);
				GCC_PRECOMPILE_PREFIX_HEADER = YES;
				GCC_PREFIX_HEADER = "PSTTreeGraph/PSTTreeGraph-Prefix.pch";
				INFOPLIST_FILE = "PSTTreeGraphTests/PSTTreeGraphTests-Info.plist";
				PRODUCT_NAME = "$(TARGET_NAME)";
				TEST_HOST = "$(BUNDLE_LOADER)";
			};
			name = Release;
		};
/* End XCBuildConfiguration section */

/* Begin XCConfigurationList section */
		4F1FC8351407441500C343D9 /* Build configuration list for PBXProject "PSTTreeGraph" */ = {
			isa = XCConfigurationList;
			buildConfigurations = (
				4F1FC8711407441600C343D9 /* Debug */,
				4F1FC8721407441600C343D9 /* Release */,
			);
			defaultConfigurationIsVisible = 0;
			defaultConfigurationName = Release;
		};
		4F1FC8731407441600C343D9 /* Build configuration list for PBXNativeTarget "PSTTreeGraph" */ = {
			isa = XCConfigurationList;
			buildConfigurations = (
				4F1FC8741407441600C343D9 /* Debug */,
				4F1FC8751407441600C343D9 /* Release */,
			);
			defaultConfigurationIsVisible = 0;
			defaultConfigurationName = Release;
		};
		4F1FC8761407441600C343D9 /* Build configuration list for PBXNativeTarget "PSTTreeGraphTests" */ = {
			isa = XCConfigurationList;
			buildConfigurations = (
				4F1FC8771407441600C343D9 /* Debug */,
				4F1FC8781407441600C343D9 /* Release */,
			);
			defaultConfigurationIsVisible = 0;
			defaultConfigurationName = Release;
		};
/* End XCConfigurationList section */
	};
	rootObject = 4F1FC8321407441500C343D9 /* Project object */;
}
