// !$*UTF8*$!
{
	archiveVersion = 1;
	classes = {
	};
	objectVersion = 46;
	objects = {

/* Begin PBXBuildFile section */
		1D3623260D0F684500981E51 /* PSHTreeGraphAppDelegate.m in Sources */ = {isa = PBXBuildFile; fileRef = 1D3623250D0F684500981E51 /* PSHTreeGraphAppDelegate.m */; };
		1D60589B0D05DD56006BFB54 /* main.m in Sources */ = {isa = PBXBuildFile; fileRef = 29B97316FDCFA39411CA2CEA /* main.m */; };
		1D60589F0D05DD5A006BFB54 /* Foundation.framework in Frameworks */ = {isa = PBXBuildFile; fileRef = 1D30AB110D05D00D00671497 /* Foundation.framework */; };
		1DF5F4E00D08C38300B7A737 /* UIKit.framework in Frameworks */ = {isa = PBXBuildFile; fileRef = 1DF5F4DF0D08C38300B7A737 /* UIKit.framework */; };
		288765A50DF7441C002DB57D /* CoreGraphics.framework in Frameworks */ = {isa = PBXBuildFile; fileRef = 288765A40DF7441C002DB57D /* CoreGraphics.framework */; };
		2899E5220DE3E06400AC0155 /* PSHTreeGraphViewController.xib in Resources */ = {isa = PBXBuildFile; fileRef = 2899E5210DE3E06400AC0155 /* PSHTreeGraphViewController.xib */; };
		28AD733F0D9D9553002E5188 /* MainWindow.xib in Resources */ = {isa = PBXBuildFile; fileRef = 28AD733E0D9D9553002E5188 /* MainWindow.xib */; };
		28D7ACF80DDB3853001CB0EB /* PSHTreeGraphViewController.m in Sources */ = {isa = PBXBuildFile; fileRef = 28D7ACF70DDB3853001CB0EB /* PSHTreeGraphViewController.m */; };
		4F3536F511FC851F00AABFF1 /* MyTreeGraphView.m in Sources */ = {isa = PBXBuildFile; fileRef = 4F3536F411FC851F00AABFF1 /* MyTreeGraphView.m */; };
		4F35379D11FC8EC900AABFF1 /* PSBaseBranchView.m in Sources */ = {isa = PBXBuildFile; fileRef = 4F35379611FC8EC900AABFF1 /* PSBaseBranchView.m */; };
		4F35379E11FC8EC900AABFF1 /* PSBaseLeafView.m in Sources */ = {isa = PBXBuildFile; fileRef = 4F35379811FC8EC900AABFF1 /* PSBaseLeafView.m */; };
		4F35379F11FC8EC900AABFF1 /* PSBaseSubtreeView.m in Sources */ = {isa = PBXBuildFile; fileRef = 4F35379A11FC8EC900AABFF1 /* PSBaseSubtreeView.m */; };
		4F3537A011FC8EC900AABFF1 /* PSBaseTreeGraphView.m in Sources */ = {isa = PBXBuildFile; fileRef = 4F35379C11FC8EC900AABFF1 /* PSBaseTreeGraphView.m */; };
		4F3537ED11FC9A2F00AABFF1 /* ObjCClassWrapper.m in Sources */ = {isa = PBXBuildFile; fileRef = 4F3537EC11FC9A2F00AABFF1 /* ObjCClassWrapper.m */; };
		4F35382611FC9FD500AABFF1 /* ObjCClassTreeNodeView.xib in Resources */ = {isa = PBXBuildFile; fileRef = 4F35382511FC9FD500AABFF1 /* ObjCClassTreeNodeView.xib */; };
		4F35382E11FCA00700AABFF1 /* TreeViewSubtreeCollapsedButton.png in Resources */ = {isa = PBXBuildFile; fileRef = 4F35382A11FCA00700AABFF1 /* TreeViewSubtreeCollapsedButton.png */; };
		4F35382F11FCA00700AABFF1 /* TreeViewSubtreeExpandedButton.png in Resources */ = {isa = PBXBuildFile; fileRef = 4F35382B11FCA00700AABFF1 /* TreeViewSubtreeExpandedButton.png */; };
		4F35383011FCA00700AABFF1 /* TreeViewDirectLinesButton.png in Resources */ = {isa = PBXBuildFile; fileRef = 4F35382C11FCA00700AABFF1 /* TreeViewDirectLinesButton.png */; };
		4F35383111FCA00700AABFF1 /* TreeViewOrthogonalLinesButton.png in Resources */ = {isa = PBXBuildFile; fileRef = 4F35382D11FCA00700AABFF1 /* TreeViewOrthogonalLinesButton.png */; };
		4F353B8711FCF1A400AABFF1 /* MyLeafView.m in Sources */ = {isa = PBXBuildFile; fileRef = 4F353B8611FCF1A400AABFF1 /* MyLeafView.m */; };
		4F4AA34513FA32C700607517 /* Icon-72.png in Resources */ = {isa = PBXBuildFile; fileRef = 4F4AA34413FA32C700607517 /* Icon-72.png */; };
/* End PBXBuildFile section */

/* Begin PBXFileReference section */
		1D30AB110D05D00D00671497 /* Foundation.framework */ = {isa = PBXFileReference; lastKnownFileType = wrapper.framework; name = Foundation.framework; path = System/Library/Frameworks/Foundation.framework; sourceTree = SDKROOT; };
		1D3623240D0F684500981E51 /* PSHTreeGraphAppDelegate.h */ = {isa = PBXFileReference; fileEncoding = 4; lastKnownFileType = sourcecode.c.h; name = PSHTreeGraphAppDelegate.h; path = Controller/PSHTreeGraphAppDelegate.h; sourceTree = "<group>"; };
		1D3623250D0F684500981E51 /* PSHTreeGraphAppDelegate.m */ = {isa = PBXFileReference; fileEncoding = 4; lastKnownFileType = sourcecode.c.objc; name = PSHTreeGraphAppDelegate.m; path = Controller/PSHTreeGraphAppDelegate.m; sourceTree = "<group>"; };
		1D6058910D05DD3D006BFB54 /* PSHTreeGraph.app */ = {isa = PBXFileReference; explicitFileType = wrapper.application; includeInIndex = 0; path = PSHTreeGraph.app; sourceTree = BUILT_PRODUCTS_DIR; };
		1DF5F4DF0D08C38300B7A737 /* UIKit.framework */ = {isa = PBXFileReference; lastKnownFileType = wrapper.framework; name = UIKit.framework; path = System/Library/Frameworks/UIKit.framework; sourceTree = SDKROOT; };
		288765A40DF7441C002DB57D /* CoreGraphics.framework */ = {isa = PBXFileReference; lastKnownFileType = wrapper.framework; name = CoreGraphics.framework; path = System/Library/Frameworks/CoreGraphics.framework; sourceTree = SDKROOT; };
		2899E5210DE3E06400AC0155 /* PSHTreeGraphViewController.xib */ = {isa = PBXFileReference; lastKnownFileType = file.xib; name = PSHTreeGraphViewController.xib; path = Interface/PSHTreeGraphViewController.xib; sourceTree = "<group>"; };
		28AD733E0D9D9553002E5188 /* MainWindow.xib */ = {isa = PBXFileReference; lastKnownFileType = file.xib; name = MainWindow.xib; path = Interface/MainWindow.xib; sourceTree = "<group>"; };
		28D7ACF60DDB3853001CB0EB /* PSHTreeGraphViewController.h */ = {isa = PBXFileReference; fileEncoding = 4; lastKnownFileType = sourcecode.c.h; name = PSHTreeGraphViewController.h; path = Controller/PSHTreeGraphViewController.h; sourceTree = "<group>"; };
		28D7ACF70DDB3853001CB0EB /* PSHTreeGraphViewController.m */ = {isa = PBXFileReference; fileEncoding = 4; lastKnownFileType = sourcecode.c.objc; name = PSHTreeGraphViewController.m; path = Controller/PSHTreeGraphViewController.m; sourceTree = "<group>"; };
		29B97316FDCFA39411CA2CEA /* main.m */ = {isa = PBXFileReference; fileEncoding = 4; lastKnownFileType = sourcecode.c.objc; path = main.m; sourceTree = "<group>"; };
		32CA4F630368D1EE00C91783 /* PSHTreeGraph_Prefix.pch */ = {isa = PBXFileReference; fileEncoding = 4; lastKnownFileType = sourcecode.c.h; path = PSHTreeGraph_Prefix.pch; sourceTree = "<group>"; };
		4F0E109E1407EB94009B9214 /* Doxyfile */ = {isa = PBXFileReference; explicitFileType = text.script; fileEncoding = 4; name = Doxyfile; path = ../Doxyfile; sourceTree = "<group>"; };
		4F0EE31B15D2F99B009BC883 /* PSTreeGraphDelegate.h */ = {isa = PBXFileReference; lastKnownFileType = sourcecode.c.h; path = PSTreeGraphDelegate.h; sourceTree = "<group>"; };
		4F2A233D180B3AEB00778BA1 /* README.md */ = {isa = PBXFileReference; lastKnownFileType = text; name = README.md; path = ../README.md; sourceTree = "<group>"; wrapsLines = 1; };
		4F3536F311FC851F00AABFF1 /* MyTreeGraphView.h */ = {isa = PBXFileReference; fileEncoding = 4; lastKnownFileType = sourcecode.c.h; name = MyTreeGraphView.h; path = Classes/View/MyTreeGraphView.h; sourceTree = SOURCE_ROOT; };
		4F3536F411FC851F00AABFF1 /* MyTreeGraphView.m */ = {isa = PBXFileReference; fileEncoding = 4; lastKnownFileType = sourcecode.c.objc; name = MyTreeGraphView.m; path = Classes/View/MyTreeGraphView.m; sourceTree = SOURCE_ROOT; };
		4F35379511FC8EC900AABFF1 /* PSBaseBranchView.h */ = {isa = PBXFileReference; fileEncoding = 4; lastKnownFileType = sourcecode.c.h; name = PSBaseBranchView.h; path = ../PSTreeGraphView/PSBaseBranchView.h; sourceTree = "<group>"; };
		4F35379611FC8EC900AABFF1 /* PSBaseBranchView.m */ = {isa = PBXFileReference; fileEncoding = 4; lastKnownFileType = sourcecode.c.objc; name = PSBaseBranchView.m; path = ../PSTreeGraphView/PSBaseBranchView.m; sourceTree = "<group>"; };
		4F35379711FC8EC900AABFF1 /* PSBaseLeafView.h */ = {isa = PBXFileReference; fileEncoding = 4; lastKnownFileType = sourcecode.c.h; name = PSBaseLeafView.h; path = ../PSTreeGraphView/PSBaseLeafView.h; sourceTree = "<group>"; };
		4F35379811FC8EC900AABFF1 /* PSBaseLeafView.m */ = {isa = PBXFileReference; fileEncoding = 4; lastKnownFileType = sourcecode.c.objc; name = PSBaseLeafView.m; path = ../PSTreeGraphView/PSBaseLeafView.m; sourceTree = "<group>"; };
		4F35379911FC8EC900AABFF1 /* PSBaseSubtreeView.h */ = {isa = PBXFileReference; fileEncoding = 4; lastKnownFileType = sourcecode.c.h; name = PSBaseSubtreeView.h; path = ../PSTreeGraphView/PSBaseSubtreeView.h; sourceTree = "<group>"; };
		4F35379A11FC8EC900AABFF1 /* PSBaseSubtreeView.m */ = {isa = PBXFileReference; fileEncoding = 4; lastKnownFileType = sourcecode.c.objc; name = PSBaseSubtreeView.m; path = ../PSTreeGraphView/PSBaseSubtreeView.m; sourceTree = "<group>"; };
		4F35379B11FC8EC900AABFF1 /* PSBaseTreeGraphView.h */ = {isa = PBXFileReference; fileEncoding = 4; lastKnownFileType = sourcecode.c.h; name = PSBaseTreeGraphView.h; path = ../PSTreeGraphView/PSBaseTreeGraphView.h; sourceTree = "<group>"; };
		4F35379C11FC8EC900AABFF1 /* PSBaseTreeGraphView.m */ = {isa = PBXFileReference; fileEncoding = 4; lastKnownFileType = sourcecode.c.objc; name = PSBaseTreeGraphView.m; path = ../PSTreeGraphView/PSBaseTreeGraphView.m; sourceTree = "<group>"; };
		4F3537B011FC90B200AABFF1 /* PSBaseTreeGraphView_Internal.h */ = {isa = PBXFileReference; fileEncoding = 4; lastKnownFileType = sourcecode.c.h; name = PSBaseTreeGraphView_Internal.h; path = ../PSTreeGraphView/PSBaseTreeGraphView_Internal.h; sourceTree = "<group>"; };
		4F3537EB11FC9A2F00AABFF1 /* ObjCClassWrapper.h */ = {isa = PBXFileReference; fileEncoding = 4; lastKnownFileType = sourcecode.c.h; name = ObjCClassWrapper.h; path = Model/ObjCClass/ObjCClassWrapper.h; sourceTree = "<group>"; };
		4F3537EC11FC9A2F00AABFF1 /* ObjCClassWrapper.m */ = {isa = PBXFileReference; fileEncoding = 4; lastKnownFileType = sourcecode.c.objc; name = ObjCClassWrapper.m; path = Model/ObjCClass/ObjCClassWrapper.m; sourceTree = "<group>"; };
		4F35382511FC9FD500AABFF1 /* ObjCClassTreeNodeView.xib */ = {isa = PBXFileReference; lastKnownFileType = file.xib; name = ObjCClassTreeNodeView.xib; path = Interface/ObjCClassTreeNodeView.xib; sourceTree = "<group>"; };
		4F35382A11FCA00700AABFF1 /* TreeViewSubtreeCollapsedButton.png */ = {isa = PBXFileReference; lastKnownFileType = image.png; name = TreeViewSubtreeCollapsedButton.png; path = Graphics/TreeViewSubtreeCollapsedButton.png; sourceTree = "<group>"; };
		4F35382B11FCA00700AABFF1 /* TreeViewSubtreeExpandedButton.png */ = {isa = PBXFileReference; lastKnownFileType = image.png; name = TreeViewSubtreeExpandedButton.png; path = Graphics/TreeViewSubtreeExpandedButton.png; sourceTree = "<group>"; };
		4F35382C11FCA00700AABFF1 /* TreeViewDirectLinesButton.png */ = {isa = PBXFileReference; lastKnownFileType = image.png; name = TreeViewDirectLinesButton.png; path = Graphics/TreeViewDirectLinesButton.png; sourceTree = "<group>"; };
		4F35382D11FCA00700AABFF1 /* TreeViewOrthogonalLinesButton.png */ = {isa = PBXFileReference; lastKnownFileType = image.png; name = TreeViewOrthogonalLinesButton.png; path = Graphics/TreeViewOrthogonalLinesButton.png; sourceTree = "<group>"; };
		4F353B8511FCF1A400AABFF1 /* MyLeafView.h */ = {isa = PBXFileReference; fileEncoding = 4; lastKnownFileType = sourcecode.c.h; name = MyLeafView.h; path = Classes/View/MyLeafView.h; sourceTree = SOURCE_ROOT; };
		4F353B8611FCF1A400AABFF1 /* MyLeafView.m */ = {isa = PBXFileReference; fileEncoding = 4; lastKnownFileType = sourcecode.c.objc; name = MyLeafView.m; path = Classes/View/MyLeafView.m; sourceTree = SOURCE_ROOT; };
		4F4AA34413FA32C700607517 /* Icon-72.png */ = {isa = PBXFileReference; lastKnownFileType = image.png; name = "Icon-72.png"; path = "Graphics/Icon-72.png"; sourceTree = "<group>"; };
		4F86D04113FAADAF00A494AE /* PSTreeGraphModelNode.h */ = {isa = PBXFileReference; fileEncoding = 4; lastKnownFileType = sourcecode.c.h; name = PSTreeGraphModelNode.h; path = ../PSTreeGraphView/PSTreeGraphModelNode.h; sourceTree = "<group>"; };
		8D1107310486CEB800E47090 /* PSHTreeGraph-Info.plist */ = {isa = PBXFileReference; fileEncoding = 4; lastKnownFileType = text.plist.xml; path = "PSHTreeGraph-Info.plist"; plistStructureDefinitionIdentifier = "com.apple.xcode.plist.structure-definition.iphone.info-plist"; sourceTree = "<group>"; };
/* End PBXFileReference section */

/* Begin PBXFrameworksBuildPhase section */
		1D60588F0D05DD3D006BFB54 /* Frameworks */ = {
			isa = PBXFrameworksBuildPhase;
			buildActionMask = 2147483647;
			files = (
				1D60589F0D05DD5A006BFB54 /* Foundation.framework in Frameworks */,
				1DF5F4E00D08C38300B7A737 /* UIKit.framework in Frameworks */,
				288765A50DF7441C002DB57D /* CoreGraphics.framework in Frameworks */,
			);
			runOnlyForDeploymentPostprocessing = 0;
		};
/* End PBXFrameworksBuildPhase section */

/* Begin PBXGroup section */
		080E96DDFE201D6D7F000001 /* Classes */ = {
			isa = PBXGroup;
			children = (
				4F3536A811FC7C1F00AABFF1 /* Controller */,
				4F3536AC11FC7C2A00AABFF1 /* View */,
				4F3536AB11FC7C2500AABFF1 /* Model */,
			);
			path = Classes;
			sourceTree = "<group>";
		};
		19C28FACFE9D520D11CA2CBB /* Products */ = {
			isa = PBXGroup;
			children = (
				1D6058910D05DD3D006BFB54 /* PSHTreeGraph.app */,
			);
			name = Products;
			sourceTree = "<group>";
		};
		29B97314FDCFA39411CA2CEA /* CustomTemplate */ = {
			isa = PBXGroup;
			children = (
				4F2A233D180B3AEB00778BA1 /* README.md */,
				4F0E109E1407EB94009B9214 /* Doxyfile */,
				080E96DDFE201D6D7F000001 /* Classes */,
				29B97315FDCFA39411CA2CEA /* Target */,
				29B97317FDCFA39411CA2CEA /* Resources */,
				29B97323FDCFA39411CA2CEA /* Frameworks */,
				19C28FACFE9D520D11CA2CBB /* Products */,
			);
			name = CustomTemplate;
			sourceTree = "<group>";
		};
		29B97315FDCFA39411CA2CEA /* Target */ = {
			isa = PBXGroup;
			children = (
				32CA4F630368D1EE00C91783 /* PSHTreeGraph_Prefix.pch */,
				29B97316FDCFA39411CA2CEA /* main.m */,
				8D1107310486CEB800E47090 /* PSHTreeGraph-Info.plist */,
			);
			path = Target;
			sourceTree = "<group>";
		};
		29B97317FDCFA39411CA2CEA /* Resources */ = {
			isa = PBXGroup;
			children = (
				4F86D04413FAAE9D00A494AE /* Interfaces */,
				4F35381C11FC9F8300AABFF1 /* Graphics */,
			);
			name = Resources;
			sourceTree = "<group>";
		};
		29B97323FDCFA39411CA2CEA /* Frameworks */ = {
			isa = PBXGroup;
			children = (
				1DF5F4DF0D08C38300B7A737 /* UIKit.framework */,
				1D30AB110D05D00D00671497 /* Foundation.framework */,
				288765A40DF7441C002DB57D /* CoreGraphics.framework */,
			);
			name = Frameworks;
			sourceTree = "<group>";
		};
		4F3536A811FC7C1F00AABFF1 /* Controller */ = {
			isa = PBXGroup;
			children = (
				1D3623240D0F684500981E51 /* PSHTreeGraphAppDelegate.h */,
				1D3623250D0F684500981E51 /* PSHTreeGraphAppDelegate.m */,
				28D7ACF60DDB3853001CB0EB /* PSHTreeGraphViewController.h */,
				28D7ACF70DDB3853001CB0EB /* PSHTreeGraphViewController.m */,
			);
			name = Controller;
			sourceTree = "<group>";
		};
		4F3536AB11FC7C2500AABFF1 /* Model */ = {
			isa = PBXGroup;
			children = (
				4F86D04213FAADC000A494AE /* ObjCClass */,
			);
			name = Model;
			sourceTree = "<group>";
		};
		4F3536AC11FC7C2A00AABFF1 /* View */ = {
			isa = PBXGroup;
			children = (
				4F35370D11FC86C600AABFF1 /* PSTreeGraphView */,
				4F3536F311FC851F00AABFF1 /* MyTreeGraphView.h */,
				4F3536F411FC851F00AABFF1 /* MyTreeGraphView.m */,
				4F353B8511FCF1A400AABFF1 /* MyLeafView.h */,
				4F353B8611FCF1A400AABFF1 /* MyLeafView.m */,
			);
			name = View;
			sourceTree = "<group>";
		};
		4F35370D11FC86C600AABFF1 /* PSTreeGraphView */ = {
			isa = PBXGroup;
			children = (
				4F0EE31B15D2F99B009BC883 /* PSTreeGraphDelegate.h */,
				4F86D04113FAADAF00A494AE /* PSTreeGraphModelNode.h */,
				4F3537B011FC90B200AABFF1 /* PSBaseTreeGraphView_Internal.h */,
				4F35379B11FC8EC900AABFF1 /* PSBaseTreeGraphView.h */,
				4F35379C11FC8EC900AABFF1 /* PSBaseTreeGraphView.m */,
				4F35379911FC8EC900AABFF1 /* PSBaseSubtreeView.h */,
				4F35379A11FC8EC900AABFF1 /* PSBaseSubtreeView.m */,
				4F35379511FC8EC900AABFF1 /* PSBaseBranchView.h */,
				4F35379611FC8EC900AABFF1 /* PSBaseBranchView.m */,
				4F35379711FC8EC900AABFF1 /* PSBaseLeafView.h */,
				4F35379811FC8EC900AABFF1 /* PSBaseLeafView.m */,
			);
			name = PSTreeGraphView;
			path = ../PSTreeGraphView;
			sourceTree = SOURCE_ROOT;
		};
		4F35381C11FC9F8300AABFF1 /* Graphics */ = {
			isa = PBXGroup;
			children = (
				4F86D04313FAAE8B00A494AE /* Icons */,
				4F35382811FC9FF900AABFF1 /* Buttons */,
			);
			name = Graphics;
			sourceTree = "<group>";
		};
		4F35382811FC9FF900AABFF1 /* Buttons */ = {
			isa = PBXGroup;
			children = (
				4F35382A11FCA00700AABFF1 /* TreeViewSubtreeCollapsedButton.png */,
				4F35382B11FCA00700AABFF1 /* TreeViewSubtreeExpandedButton.png */,
				4F35382C11FCA00700AABFF1 /* TreeViewDirectLinesButton.png */,
				4F35382D11FCA00700AABFF1 /* TreeViewOrthogonalLinesButton.png */,
			);
			name = Buttons;
			sourceTree = "<group>";
		};
		4F86D04213FAADC000A494AE /* ObjCClass */ = {
			isa = PBXGroup;
			children = (
				4F3537EB11FC9A2F00AABFF1 /* ObjCClassWrapper.h */,
				4F3537EC11FC9A2F00AABFF1 /* ObjCClassWrapper.m */,
			);
			name = ObjCClass;
			sourceTree = "<group>";
		};
		4F86D04313FAAE8B00A494AE /* Icons */ = {
			isa = PBXGroup;
			children = (
				4F4AA34413FA32C700607517 /* Icon-72.png */,
			);
			name = Icons;
			sourceTree = "<group>";
		};
		4F86D04413FAAE9D00A494AE /* Interfaces */ = {
			isa = PBXGroup;
			children = (
				2899E5210DE3E06400AC0155 /* PSHTreeGraphViewController.xib */,
				4F35382511FC9FD500AABFF1 /* ObjCClassTreeNodeView.xib */,
				28AD733E0D9D9553002E5188 /* MainWindow.xib */,
			);
			name = Interfaces;
			sourceTree = "<group>";
		};
/* End PBXGroup section */

/* Begin PBXNativeTarget section */
		1D6058900D05DD3D006BFB54 /* PSHTreeGraph */ = {
			isa = PBXNativeTarget;
			buildConfigurationList = 1D6058960D05DD3E006BFB54 /* Build configuration list for PBXNativeTarget "PSHTreeGraph" */;
			buildPhases = (
				1D60588D0D05DD3D006BFB54 /* Resources */,
				1D60588E0D05DD3D006BFB54 /* Sources */,
				1D60588F0D05DD3D006BFB54 /* Frameworks */,
			);
			buildRules = (
			);
			dependencies = (
			);
			name = PSHTreeGraph;
			productName = PSHTreeView;
			productReference = 1D6058910D05DD3D006BFB54 /* PSHTreeGraph.app */;
			productType = "com.apple.product-type.application";
		};
/* End PBXNativeTarget section */

/* Begin PBXProject section */
		29B97313FDCFA39411CA2CEA /* Project object */ = {
			isa = PBXProject;
			attributes = {
				LastUpgradeCheck = 0500;
				ORGANIZATIONNAME = "Preston Software";
				TargetAttributes = {
					1D6058900D05DD3D006BFB54 = {
						SystemCapabilities = {
							com.apple.Keychain = {
								enabled = 0;
							};
						};
					};
				};
			};
			buildConfigurationList = C01FCF4E08A954540054247B /* Build configuration list for PBXProject "PSHTreeGraph" */;
			compatibilityVersion = "Xcode 3.2";
			developmentRegion = English;
			hasScannedForEncodings = 1;
			knownRegions = (
				en,
			);
			mainGroup = 29B97314FDCFA39411CA2CEA /* CustomTemplate */;
			projectDirPath = "";
			projectRoot = "";
			targets = (
				1D6058900D05DD3D006BFB54 /* PSHTreeGraph */,
			);
		};
/* End PBXProject section */

/* Begin PBXResourcesBuildPhase section */
		1D60588D0D05DD3D006BFB54 /* Resources */ = {
			isa = PBXResourcesBuildPhase;
			buildActionMask = 2147483647;
			files = (
				28AD733F0D9D9553002E5188 /* MainWindow.xib in Resources */,
				2899E5220DE3E06400AC0155 /* PSHTreeGraphViewController.xib in Resources */,
				4F35382611FC9FD500AABFF1 /* ObjCClassTreeNodeView.xib in Resources */,
				4F35382E11FCA00700AABFF1 /* TreeViewSubtreeCollapsedButton.png in Resources */,
				4F35382F11FCA00700AABFF1 /* TreeViewSubtreeExpandedButton.png in Resources */,
				4F35383011FCA00700AABFF1 /* TreeViewDirectLinesButton.png in Resources */,
				4F35383111FCA00700AABFF1 /* TreeViewOrthogonalLinesButton.png in Resources */,
				4F4AA34513FA32C700607517 /* Icon-72.png in Resources */,
			);
			runOnlyForDeploymentPostprocessing = 0;
		};
/* End PBXResourcesBuildPhase section */

/* Begin PBXSourcesBuildPhase section */
		1D60588E0D05DD3D006BFB54 /* Sources */ = {
			isa = PBXSourcesBuildPhase;
			buildActionMask = 2147483647;
			files = (
				1D60589B0D05DD56006BFB54 /* main.m in Sources */,
				1D3623260D0F684500981E51 /* PSHTreeGraphAppDelegate.m in Sources */,
				28D7ACF80DDB3853001CB0EB /* PSHTreeGraphViewController.m in Sources */,
				4F3536F511FC851F00AABFF1 /* MyTreeGraphView.m in Sources */,
				4F35379D11FC8EC900AABFF1 /* PSBaseBranchView.m in Sources */,
				4F35379E11FC8EC900AABFF1 /* PSBaseLeafView.m in Sources */,
				4F35379F11FC8EC900AABFF1 /* PSBaseSubtreeView.m in Sources */,
				4F3537A011FC8EC900AABFF1 /* PSBaseTreeGraphView.m in Sources */,
				4F3537ED11FC9A2F00AABFF1 /* ObjCClassWrapper.m in Sources */,
				4F353B8711FCF1A400AABFF1 /* MyLeafView.m in Sources */,
			);
			runOnlyForDeploymentPostprocessing = 0;
		};
/* End PBXSourcesBuildPhase section */

/* Begin XCBuildConfiguration section */
		1D6058940D05DD3E006BFB54 /* Debug */ = {
			isa = XCBuildConfiguration;
			buildSettings = {
				ALWAYS_SEARCH_USER_PATHS = NO;
				CODE_SIGN_IDENTITY = "iPhone Developer";
				"CODE_SIGN_IDENTITY[sdk=iphoneos*]" = "";
				COPY_PHASE_STRIP = NO;
				GCC_DYNAMIC_NO_PIC = NO;
				GCC_OPTIMIZATION_LEVEL = 0;
				GCC_PRECOMPILE_PREFIX_HEADER = YES;
				GCC_PREFIX_HEADER = "$(SRCROOT)/Target/PSHTreeGraph_Prefix.pch";
				GCC_WARN_ABOUT_MISSING_PROTOTYPES = NO;
				GCC_WARN_UNUSED_FUNCTION = YES;
				INFOPLIST_FILE = "$(SRCROOT)/Target/PSHTreeGraph-Info.plist";
				PRODUCT_NAME = PSHTreeGraph;
				TARGETED_DEVICE_FAMILY = 2;
			};
			name = Debug;
		};
		1D6058950D05DD3E006BFB54 /* Release */ = {
			isa = XCBuildConfiguration;
			buildSettings = {
				ALWAYS_SEARCH_USER_PATHS = NO;
				CODE_SIGN_IDENTITY = "iPhone Developer";
				"CODE_SIGN_IDENTITY[sdk=iphoneos*]" = "";
				COPY_PHASE_STRIP = YES;
				GCC_PRECOMPILE_PREFIX_HEADER = YES;
				GCC_PREFIX_HEADER = "$(SRCROOT)/Target/PSHTreeGraph_Prefix.pch";
				GCC_WARN_ABOUT_MISSING_PROTOTYPES = NO;
				GCC_WARN_UNUSED_FUNCTION = YES;
				INFOPLIST_FILE = "$(SRCROOT)/Target/PSHTreeGraph-Info.plist";
				PRODUCT_NAME = PSHTreeGraph;
				TARGETED_DEVICE_FAMILY = 2;
				VALIDATE_PRODUCT = YES;
			};
			name = Release;
		};
		C01FCF4F08A954540054247B /* Debug */ = {
			isa = XCBuildConfiguration;
			buildSettings = {
				CLANG_ENABLE_MODULES = YES;
				CLANG_ENABLE_OBJC_ARC = YES;
				CLANG_WARN_BOOL_CONVERSION = YES;
				CLANG_WARN_CONSTANT_CONVERSION = YES;
				CLANG_WARN_DIRECT_OBJC_ISA_USAGE = YES_ERROR;
				CLANG_WARN_EMPTY_BODY = YES;
				CLANG_WARN_ENUM_CONVERSION = YES;
				CLANG_WARN_INT_CONVERSION = YES;
				CLANG_WARN_OBJC_ROOT_CLASS = YES_ERROR;
				CLANG_WARN__DUPLICATE_METHOD_MATCH = YES;
				CODE_SIGN_IDENTITY = "iPhone Developer";
				"CODE_SIGN_IDENTITY[sdk=iphoneos*]" = "";
				GCC_C_LANGUAGE_STANDARD = c99;
				GCC_WARN_ABOUT_MISSING_FIELD_INITIALIZERS = YES;
				GCC_WARN_ABOUT_MISSING_PROTOTYPES = YES;
				GCC_WARN_ABOUT_RETURN_TYPE = YES_ERROR;
				GCC_WARN_UNDECLARED_SELECTOR = YES;
				GCC_WARN_UNINITIALIZED_AUTOS = YES_AGGRESSIVE;
				GCC_WARN_UNUSED_FUNCTION = YES;
				GCC_WARN_UNUSED_PARAMETER = NO;
				GCC_WARN_UNUSED_VARIABLE = YES;
				ONLY_ACTIVE_ARCH = YES;
				SDKROOT = iphoneos;
				TARGETED_DEVICE_FAMILY = 2;
				USER_HEADER_SEARCH_PATHS = ../PSTreeGraphView/;
			};
			name = Debug;
		};
		C01FCF5008A954540054247B /* Release */ = {
			isa = XCBuildConfiguration;
			buildSettings = {
				CLANG_ENABLE_MODULES = YES;
				CLANG_ENABLE_OBJC_ARC = YES;
				CLANG_WARN_BOOL_CONVERSION = YES;
				CLANG_WARN_CONSTANT_CONVERSION = YES;
				CLANG_WARN_DIRECT_OBJC_ISA_USAGE = YES_ERROR;
				CLANG_WARN_EMPTY_BODY = YES;
				CLANG_WARN_ENUM_CONVERSION = YES;
				CLANG_WARN_INT_CONVERSION = YES;
				CLANG_WARN_OBJC_ROOT_CLASS = YES_ERROR;
				CLANG_WARN__DUPLICATE_METHOD_MATCH = YES;
				CODE_SIGN_IDENTITY = "iPhone Developer";
				"CODE_SIGN_IDENTITY[sdk=iphoneos*]" = "";
				GCC_C_LANGUAGE_STANDARD = c99;
				GCC_WARN_ABOUT_MISSING_FIELD_INITIALIZERS = YES;
				GCC_WARN_ABOUT_MISSING_PROTOTYPES = YES;
				GCC_WARN_ABOUT_RETURN_TYPE = YES_ERROR;
				GCC_WARN_UNDECLARED_SELECTOR = YES;
				GCC_WARN_UNINITIALIZED_AUTOS = YES_AGGRESSIVE;
				GCC_WARN_UNUSED_FUNCTION = YES;
				GCC_WARN_UNUSED_PARAMETER = NO;
				GCC_WARN_UNUSED_VARIABLE = YES;
				OTHER_CFLAGS = "-DNS_BLOCK_ASSERTIONS=1";
				SDKROOT = iphoneos;
				TARGETED_DEVICE_FAMILY = 2;
				USER_HEADER_SEARCH_PATHS = ../PSTreeGraphView/;
			};
			name = Release;
		};
/* End XCBuildConfiguration section */

/* Begin XCConfigurationList section */
		1D6058960D05DD3E006BFB54 /* Build configuration list for PBXNativeTarget "PSHTreeGraph" */ = {
			isa = XCConfigurationList;
			buildConfigurations = (
				1D6058940D05DD3E006BFB54 /* Debug */,
				1D6058950D05DD3E006BFB54 /* Release */,
			);
			defaultConfigurationIsVisible = 0;
			defaultConfigurationName = Release;
		};
		C01FCF4E08A954540054247B /* Build configuration list for PBXProject "PSHTreeGraph" */ = {
			isa = XCConfigurationList;
			buildConfigurations = (
				C01FCF4F08A954540054247B /* Debug */,
				C01FCF5008A954540054247B /* Release */,
			);
			defaultConfigurationIsVisible = 0;
			defaultConfigurationName = Release;
		};
/* End XCConfigurationList section */
	};
	rootObject = 29B97313FDCFA39411CA2CEA /* Project object */;
}
